// !$*UTF8*$!
{
	archiveVersion = 1;
	classes = {
	};
	objectVersion = 50;
	objects = {

/* Begin PBXBuildFile section */
		83EBA58B2204E16000BE174E /* AppDelegate.m in Sources */ = {isa = PBXBuildFile; fileRef = 83EBA58A2204E16000BE174E /* AppDelegate.m */; };
		83EBA58E2204E16000BE174E /* ViewController.m in Sources */ = {isa = PBXBuildFile; fileRef = 83EBA58D2204E16000BE174E /* ViewController.m */; };
		83EBA5912204E16000BE174E /* Main.storyboard in Resources */ = {isa = PBXBuildFile; fileRef = 83EBA58F2204E16000BE174E /* Main.storyboard */; };
		83EBA5932204E16000BE174E /* Assets.xcassets in Resources */ = {isa = PBXBuildFile; fileRef = 83EBA5922204E16000BE174E /* Assets.xcassets */; };
		83EBA5962204E16000BE174E /* LaunchScreen.storyboard in Resources */ = {isa = PBXBuildFile; fileRef = 83EBA5942204E16000BE174E /* LaunchScreen.storyboard */; };
		83EBA5992204E16000BE174E /* main.m in Sources */ = {isa = PBXBuildFile; fileRef = 83EBA5982204E16000BE174E /* main.m */; };
		83EBA5A12204E58D00BE174E /* ClusterAnnotationView.m in Sources */ = {isa = PBXBuildFile; fileRef = 83EBA5A02204E58D00BE174E /* ClusterAnnotationView.m */; };
		83EBA5A42204EA8C00BE174E /* CustomAnnotationView.m in Sources */ = {isa = PBXBuildFile; fileRef = 83EBA5A32204EA8C00BE174E /* CustomAnnotationView.m */; };
/* End PBXBuildFile section */

/* Begin PBXFileReference section */
		83EBA5862204E16000BE174E /* MapKitClusteringObjC.app */ = {isa = PBXFileReference; explicitFileType = wrapper.application; includeInIndex = 0; path = MapKitClusteringObjC.app; sourceTree = BUILT_PRODUCTS_DIR; };
		83EBA5892204E16000BE174E /* AppDelegate.h */ = {isa = PBXFileReference; lastKnownFileType = sourcecode.c.h; path = AppDelegate.h; sourceTree = "<group>"; };
		83EBA58A2204E16000BE174E /* AppDelegate.m */ = {isa = PBXFileReference; lastKnownFileType = sourcecode.c.objc; path = AppDelegate.m; sourceTree = "<group>"; };
		83EBA58C2204E16000BE174E /* ViewController.h */ = {isa = PBXFileReference; lastKnownFileType = sourcecode.c.h; path = ViewController.h; sourceTree = "<group>"; };
		83EBA58D2204E16000BE174E /* ViewController.m */ = {isa = PBXFileReference; lastKnownFileType = sourcecode.c.objc; path = ViewController.m; sourceTree = "<group>"; };
		83EBA5902204E16000BE174E /* Base */ = {isa = PBXFileReference; lastKnownFileType = file.storyboard; name = Base; path = Base.lproj/Main.storyboard; sourceTree = "<group>"; };
		83EBA5922204E16000BE174E /* Assets.xcassets */ = {isa = PBXFileReference; lastKnownFileType = folder.assetcatalog; path = Assets.xcassets; sourceTree = "<group>"; };
		83EBA5952204E16000BE174E /* Base */ = {isa = PBXFileReference; lastKnownFileType = file.storyboard; name = Base; path = Base.lproj/LaunchScreen.storyboard; sourceTree = "<group>"; };
		83EBA5972204E16000BE174E /* Info.plist */ = {isa = PBXFileReference; lastKnownFileType = text.plist.xml; path = Info.plist; sourceTree = "<group>"; };
		83EBA5982204E16000BE174E /* main.m */ = {isa = PBXFileReference; lastKnownFileType = sourcecode.c.objc; path = main.m; sourceTree = "<group>"; };
		83EBA59F2204E58D00BE174E /* ClusterAnnotationView.h */ = {isa = PBXFileReference; lastKnownFileType = sourcecode.c.h; path = ClusterAnnotationView.h; sourceTree = "<group>"; };
		83EBA5A02204E58D00BE174E /* ClusterAnnotationView.m */ = {isa = PBXFileReference; lastKnownFileType = sourcecode.c.objc; path = ClusterAnnotationView.m; sourceTree = "<group>"; };
		83EBA5A22204EA8C00BE174E /* CustomAnnotationView.h */ = {isa = PBXFileReference; lastKnownFileType = sourcecode.c.h; path = CustomAnnotationView.h; sourceTree = "<group>"; };
		83EBA5A32204EA8C00BE174E /* CustomAnnotationView.m */ = {isa = PBXFileReference; lastKnownFileType = sourcecode.c.objc; path = CustomAnnotationView.m; sourceTree = "<group>"; };
		83EBA5A52204F19900BE174E /* README.md */ = {isa = PBXFileReference; lastKnownFileType = net.daringfireball.markdown; path = README.md; sourceTree = "<group>"; };
/* End PBXFileReference section */

/* Begin PBXFrameworksBuildPhase section */
		83EBA5832204E16000BE174E /* Frameworks */ = {
			isa = PBXFrameworksBuildPhase;
			buildActionMask = 2147483647;
			files = (
			);
			runOnlyForDeploymentPostprocessing = 0;
		};
/* End PBXFrameworksBuildPhase section */

/* Begin PBXGroup section */
		83EBA57D2204E16000BE174E = {
			isa = PBXGroup;
			children = (
				83EBA5A52204F19900BE174E /* README.md */,
				83EBA5882204E16000BE174E /* MapKitClusteringObjC */,
				83EBA5872204E16000BE174E /* Products */,
			);
			sourceTree = "<group>";
		};
		83EBA5872204E16000BE174E /* Products */ = {
			isa = PBXGroup;
			children = (
				83EBA5862204E16000BE174E /* MapKitClusteringObjC.app */,
			);
			name = Products;
			sourceTree = "<group>";
		};
		83EBA5882204E16000BE174E /* MapKitClusteringObjC */ = {
			isa = PBXGroup;
			children = (
				83EBA5892204E16000BE174E /* AppDelegate.h */,
				83EBA58A2204E16000BE174E /* AppDelegate.m */,
				83EBA58C2204E16000BE174E /* ViewController.h */,
				83EBA58D2204E16000BE174E /* ViewController.m */,
				83EBA5A22204EA8C00BE174E /* CustomAnnotationView.h */,
				83EBA5A32204EA8C00BE174E /* CustomAnnotationView.m */,
				83EBA59F2204E58D00BE174E /* ClusterAnnotationView.h */,
				83EBA5A02204E58D00BE174E /* ClusterAnnotationView.m */,
				83EBA58F2204E16000BE174E /* Main.storyboard */,
				83EBA5922204E16000BE174E /* Assets.xcassets */,
				83EBA5942204E16000BE174E /* LaunchScreen.storyboard */,
				83EBA5972204E16000BE174E /* Info.plist */,
				83EBA5982204E16000BE174E /* main.m */,
			);
			path = MapKitClusteringObjC;
			sourceTree = "<group>";
		};
/* End PBXGroup section */

/* Begin PBXNativeTarget section */
		83EBA5852204E16000BE174E /* MapKitClusteringObjC */ = {
			isa = PBXNativeTarget;
			buildConfigurationList = 83EBA59C2204E16000BE174E /* Build configuration list for PBXNativeTarget "MapKitClusteringObjC" */;
			buildPhases = (
				83EBA5822204E16000BE174E /* Sources */,
				83EBA5832204E16000BE174E /* Frameworks */,
				83EBA5842204E16000BE174E /* Resources */,
			);
			buildRules = (
			);
			dependencies = (
			);
			name = MapKitClusteringObjC;
			productName = MapKitClusteringObjC;
			productReference = 83EBA5862204E16000BE174E /* MapKitClusteringObjC.app */;
			productType = "com.apple.product-type.application";
		};
/* End PBXNativeTarget section */

/* Begin PBXProject section */
		83EBA57E2204E16000BE174E /* Project object */ = {
			isa = PBXProject;
			attributes = {
				LastUpgradeCheck = 1010;
				ORGANIZATIONNAME = "Robert Ryan";
				TargetAttributes = {
					83EBA5852204E16000BE174E = {
						CreatedOnToolsVersion = 10.1;
					};
				};
			};
			buildConfigurationList = 83EBA5812204E16000BE174E /* Build configuration list for PBXProject "MapKitClusteringObjC" */;
			compatibilityVersion = "Xcode 9.3";
			developmentRegion = en;
			hasScannedForEncodings = 0;
			knownRegions = (
				en,
				Base,
			);
			mainGroup = 83EBA57D2204E16000BE174E;
			productRefGroup = 83EBA5872204E16000BE174E /* Products */;
			projectDirPath = "";
			projectRoot = "";
			targets = (
				83EBA5852204E16000BE174E /* MapKitClusteringObjC */,
			);
		};
/* End PBXProject section */

/* Begin PBXResourcesBuildPhase section */
		83EBA5842204E16000BE174E /* Resources */ = {
			isa = PBXResourcesBuildPhase;
			buildActionMask = 2147483647;
			files = (
				83EBA5962204E16000BE174E /* LaunchScreen.storyboard in Resources */,
				83EBA5932204E16000BE174E /* Assets.xcassets in Resources */,
				83EBA5912204E16000BE174E /* Main.storyboard in Resources */,
			);
			runOnlyForDeploymentPostprocessing = 0;
		};
/* End PBXResourcesBuildPhase section */

/* Begin PBXSourcesBuildPhase section */
		83EBA5822204E16000BE174E /* Sources */ = {
			isa = PBXSourcesBuildPhase;
			buildActionMask = 2147483647;
			files = (
				83EBA58E2204E16000BE174E /* ViewController.m in Sources */,
				83EBA5992204E16000BE174E /* main.m in Sources */,
				83EBA5A42204EA8C00BE174E /* CustomAnnotationView.m in Sources */,
				83EBA5A12204E58D00BE174E /* ClusterAnnotationView.m in Sources */,
				83EBA58B2204E16000BE174E /* AppDelegate.m in Sources */,
			);
			runOnlyForDeploymentPostprocessing = 0;
		};
/* End PBXSourcesBuildPhase section */

/* Begin PBXVariantGroup section */
		83EBA58F2204E16000BE174E /* Main.storyboard */ = {
			isa = PBXVariantGroup;
			children = (
				83EBA5902204E16000BE174E /* Base */,
			);
			name = Main.storyboard;
			sourceTree = "<group>";
		};
		83EBA5942204E16000BE174E /* LaunchScreen.storyboard */ = {
			isa = PBXVariantGroup;
			children = (
				83EBA5952204E16000BE174E /* Base */,
			);
			name = LaunchScreen.storyboard;
			sourceTree = "<group>";
		};
/* End PBXVariantGroup section */

/* Begin XCBuildConfiguration section */
		83EBA59A2204E16000BE174E /* Debug */ = {
			isa = XCBuildConfiguration;
			buildSettings = {
				ALWAYS_SEARCH_USER_PATHS = NO;
				CLANG_ANALYZER_NONNULL = YES;
				CLANG_ANALYZER_NUMBER_OBJECT_CONVERSION = YES_AGGRESSIVE;
				CLANG_CXX_LANGUAGE_STANDARD = "gnu++14";
				CLANG_CXX_LIBRARY = "libc++";
				CLANG_ENABLE_MODULES = YES;
				CLANG_ENABLE_OBJC_ARC = YES;
				CLANG_ENABLE_OBJC_WEAK = YES;
				CLANG_WARN_BLOCK_CAPTURE_AUTORELEASING = YES;
				CLANG_WARN_BOOL_CONVERSION = YES;
				CLANG_WARN_COMMA = YES;
				CLANG_WARN_CONSTANT_CONVERSION = YES;
				CLANG_WARN_DEPRECATED_OBJC_IMPLEMENTATIONS = YES;
				CLANG_WARN_DIRECT_OBJC_ISA_USAGE = YES_ERROR;
				CLANG_WARN_DOCUMENTATION_COMMENTS = YES;
				CLANG_WARN_EMPTY_BODY = YES;
				CLANG_WARN_ENUM_CONVERSION = YES;
				CLANG_WARN_INFINITE_RECURSION = YES;
				CLANG_WARN_INT_CONVERSION = YES;
				CLANG_WARN_NON_LITERAL_NULL_CONVERSION = YES;
				CLANG_WARN_OBJC_IMPLICIT_RETAIN_SELF = YES;
				CLANG_WARN_OBJC_LITERAL_CONVERSION = YES;
				CLANG_WARN_OBJC_ROOT_CLASS = YES_ERROR;
				CLANG_WARN_RANGE_LOOP_ANALYSIS = YES;
				CLANG_WARN_STRICT_PROTOTYPES = YES;
				CLANG_WARN_SUSPICIOUS_MOVE = YES;
				CLANG_WARN_UNGUARDED_AVAILABILITY = YES_AGGRESSIVE;
				CLANG_WARN_UNREACHABLE_CODE = YES;
				CLANG_WARN__DUPLICATE_METHOD_MATCH = YES;
				CODE_SIGN_IDENTITY = "iPhone Developer";
				COPY_PHASE_STRIP = NO;
				DEBUG_INFORMATION_FORMAT = dwarf;
				ENABLE_STRICT_OBJC_MSGSEND = YES;
				ENABLE_TESTABILITY = YES;
				GCC_C_LANGUAGE_STANDARD = gnu11;
				GCC_DYNAMIC_NO_PIC = NO;
				GCC_NO_COMMON_BLOCKS = YES;
				GCC_OPTIMIZATION_LEVEL = 0;
				GCC_PREPROCESSOR_DEFINITIONS = (
					"DEBUG=1",
					"$(inherited)",
				);
				GCC_WARN_64_TO_32_BIT_CONVERSION = YES;
				GCC_WARN_ABOUT_RETURN_TYPE = YES_ERROR;
				GCC_WARN_UNDECLARED_SELECTOR = YES;
				GCC_WARN_UNINITIALIZED_AUTOS = YES_AGGRESSIVE;
				GCC_WARN_UNUSED_FUNCTION = YES;
				GCC_WARN_UNUSED_VARIABLE = YES;
				IPHONEOS_DEPLOYMENT_TARGET = 12.1;
				MTL_ENABLE_DEBUG_INFO = INCLUDE_SOURCE;
				MTL_FAST_MATH = YES;
				ONLY_ACTIVE_ARCH = YES;
				SDKROOT = iphoneos;
			};
			name = Debug;
		};
		83EBA59B2204E16000BE174E /* Release */ = {
			isa = XCBuildConfiguration;
			buildSettings = {
				ALWAYS_SEARCH_USER_PATHS = NO;
				CLANG_ANALYZER_NONNULL = YES;
				CLANG_ANALYZER_NUMBER_OBJECT_CONVERSION = YES_AGGRESSIVE;
				CLANG_CXX_LANGUAGE_STANDARD = "gnu++14";
				CLANG_CXX_LIBRARY = "libc++";
				CLANG_ENABLE_MODULES = YES;
				CLANG_ENABLE_OBJC_ARC = YES;
				CLANG_ENABLE_OBJC_WEAK = YES;
				CLANG_WARN_BLOCK_CAPTURE_AUTORELEASING = YES;
				CLANG_WARN_BOOL_CONVERSION = YES;
				CLANG_WARN_COMMA = YES;
				CLANG_WARN_CONSTANT_CONVERSION = YES;
				CLANG_WARN_DEPRECATED_OBJC_IMPLEMENTATIONS = YES;
				CLANG_WARN_DIRECT_OBJC_ISA_USAGE = YES_ERROR;
				CLANG_WARN_DOCUMENTATION_COMMENTS = YES;
				CLANG_WARN_EMPTY_BODY = YES;
				CLANG_WARN_ENUM_CONVERSION = YES;
				CLANG_WARN_INFINITE_RECURSION = YES;
				CLANG_WARN_INT_CONVERSION = YES;
				CLANG_WARN_NON_LITERAL_NULL_CONVERSION = YES;
				CLANG_WARN_OBJC_IMPLICIT_RETAIN_SELF = YES;
				CLANG_WARN_OBJC_LITERAL_CONVERSION = YES;
				CLANG_WARN_OBJC_ROOT_CLASS = YES_ERROR;
				CLANG_WARN_RANGE_LOOP_ANALYSIS = YES;
				CLANG_WARN_STRICT_PROTOTYPES = YES;
				CLANG_WARN_SUSPICIOUS_MOVE = YES;
				CLANG_WARN_UNGUARDED_AVAILABILITY = YES_AGGRESSIVE;
				CLANG_WARN_UNREACHABLE_CODE = YES;
				CLANG_WARN__DUPLICATE_METHOD_MATCH = YES;
				CODE_SIGN_IDENTITY = "iPhone Developer";
				COPY_PHASE_STRIP = NO;
				DEBUG_INFORMATION_FORMAT = "dwarf-with-dsym";
				ENABLE_NS_ASSERTIONS = NO;
				ENABLE_STRICT_OBJC_MSGSEND = YES;
				GCC_C_LANGUAGE_STANDARD = gnu11;
				GCC_NO_COMMON_BLOCKS = YES;
				GCC_WARN_64_TO_32_BIT_CONVERSION = YES;
				GCC_WARN_ABOUT_RETURN_TYPE = YES_ERROR;
				GCC_WARN_UNDECLARED_SELECTOR = YES;
				GCC_WARN_UNINITIALIZED_AUTOS = YES_AGGRESSIVE;
				GCC_WARN_UNUSED_FUNCTION = YES;
				GCC_WARN_UNUSED_VARIABLE = YES;
				IPHONEOS_DEPLOYMENT_TARGET = 12.1;
				MTL_ENABLE_DEBUG_INFO = NO;
				MTL_FAST_MATH = YES;
				SDKROOT = iphoneos;
				VALIDATE_PRODUCT = YES;
			};
			name = Release;
		};
		83EBA59D2204E16000BE174E /* Debug */ = {
			isa = XCBuildConfiguration;
			buildSettings = {
				ASSETCATALOG_COMPILER_APPICON_NAME = AppIcon;
				CODE_SIGN_STYLE = Automatic;
				DEVELOPMENT_TEAM = P25ABPSA7T;
				INFOPLIST_FILE = MapKitClusteringObjC/Info.plist;
				LD_RUNPATH_SEARCH_PATHS = (
					"$(inherited)",
					"@executable_path/Frameworks",
				);
				PRODUCT_BUNDLE_IDENTIFIER = com.robertmryan.MapKitClusteringObjC;
				PRODUCT_NAME = "$(TARGET_NAME)";
				TARGETED_DEVICE_FAMILY = "1,2";
			};
			name = Debug;
		};
		83EBA59E2204E16000BE174E /* Release */ = {
			isa = XCBuildConfiguration;
			buildSettings = {
				ASSETCATALOG_COMPILER_APPICON_NAME = AppIcon;
				CODE_SIGN_STYLE = Automatic;
				DEVELOPMENT_TEAM = P25ABPSA7T;
				INFOPLIST_FILE = MapKitClusteringObjC/Info.plist;
				LD_RUNPATH_SEARCH_PATHS = (
					"$(inherited)",
					"@executable_path/Frameworks",
				);
				PRODUCT_BUNDLE_IDENTIFIER = com.robertmryan.MapKitClusteringObjC;
				PRODUCT_NAME = "$(TARGET_NAME)";
				TARGETED_DEVICE_FAMILY = "1,2";
			};
			name = Release;
		};
/* End XCBuildConfiguration section */

/* Begin XCConfigurationList section */
		83EBA5812204E16000BE174E /* Build configuration list for PBXProject "MapKitClusteringObjC" */ = {
			isa = XCConfigurationList;
			buildConfigurations = (
				83EBA59A2204E16000BE174E /* Debug */,
				83EBA59B2204E16000BE174E /* Release */,
			);
			defaultConfigurationIsVisible = 0;
			defaultConfigurationName = Release;
		};
		83EBA59C2204E16000BE174E /* Build configuration list for PBXNativeTarget "MapKitClusteringObjC" */ = {
			isa = XCConfigurationList;
			buildConfigurations = (
				83EBA59D2204E16000BE174E /* Debug */,
				83EBA59E2204E16000BE174E /* Release */,
			);
			defaultConfigurationIsVisible = 0;
			defaultConfigurationName = Release;
		};
/* End XCConfigurationList section */
	};
	rootObject = 83EBA57E2204E16000BE174E /* Project object */;
}
